
Microsoft Visual Studio Solution File, Format Version 12.00
# Visual Studio Version 17
VisualStudioVersion = 17.8.34227.203
MinimumVisualStudioVersion = 10.0.40219.1
Project("{FAE04EC0-301F-11D3-BF4B-00C04F79EFBC}") = "hours-worked-calculator", "hours-worked-calculator\hours-worked-calculator.csproj", "{CD242B75-2DAB-4868-8EE4-6DCB5DF041F1}"
EndProject
Project("{FAE04EC0-301F-11D3-BF4B-00C04F79EFBC}") = "hours-worked-calculator-tests", "hours-worked-calculator-tests\hours-worked-calculator-tests.csproj", "{FF2F73C7-FB4F-4D21-8DBA-243167895EE0}"
EndProject
Global
	GlobalSection(SolutionConfigurationPlatforms) = preSolution
		Debug|Any CPU = Debug|Any CPU
		Release|Any CPU = Release|Any CPU
	EndGlobalSection
	GlobalSection(ProjectConfigurationPlatforms) = postSolution
		{CD242B75-2DAB-4868-8EE4-6DCB5DF041F1}.Debug|Any CPU.ActiveCfg = Debug|Any CPU
		{CD242B75-2DAB-4868-8EE4-6DCB5DF041F1}.Debug|Any CPU.Build.0 = Debug|Any CPU
		{CD242B75-2DAB-4868-8EE4-6DCB5DF041F1}.Release|Any CPU.ActiveCfg = Release|Any CPU
		{CD242B75-2DAB-4868-8EE4-6DCB5DF041F1}.Release|Any CPU.Build.0 = Release|Any CPU
		{FF2F73C7-FB4F-4D21-8DBA-243167895EE0}.Debug|Any CPU.ActiveCfg = Debug|Any CPU
		{FF2F73C7-FB4F-4D21-8DBA-243167895EE0}.Debug|Any CPU.Build.0 = Debug|Any CPU
		{FF2F73C7-FB4F-4D21-8DBA-243167895EE0}.Release|Any CPU.ActiveCfg = Release|Any CPU
		{FF2F73C7-FB4F-4D21-8DBA-243167895EE0}.Release|Any CPU.Build.0 = Release|Any CPU
	EndGlobalSection
	GlobalSection(SolutionProperties) = preSolution
		HideSolutionNode = FALSE
	EndGlobalSection
	GlobalSection(ExtensibilityGlobals) = postSolution
		SolutionGuid = {9B56D01E-F520-4642-8E3B-3F5483DE2C8E}
	EndGlobalSection
EndGlobal
